// !$*UTF8*$!
{
	archiveVersion = 1;
	classes = {
	};
	objectVersion = 46;
	objects = {

/* Begin PBXBuildFile section */
		7F70C2931CBB370200695795 /* AppDelegate.swift in Sources */ = {isa = PBXBuildFile; fileRef = 7F70C2921CBB370200695795 /* AppDelegate.swift */; };
		7F70C2951CBB370200695795 /* MasterViewController.swift in Sources */ = {isa = PBXBuildFile; fileRef = 7F70C2941CBB370200695795 /* MasterViewController.swift */; };
		7F70C2971CBB370200695795 /* DetailViewController.swift in Sources */ = {isa = PBXBuildFile; fileRef = 7F70C2961CBB370200695795 /* DetailViewController.swift */; };
		7F70C29A1CBB370200695795 /* Main.storyboard in Resources */ = {isa = PBXBuildFile; fileRef = 7F70C2981CBB370200695795 /* Main.storyboard */; };
		7F70C29C1CBB370200695795 /* Assets.xcassets in Resources */ = {isa = PBXBuildFile; fileRef = 7F70C29B1CBB370200695795 /* Assets.xcassets */; };
		7F70C29F1CBB370200695795 /* LaunchScreen.storyboard in Resources */ = {isa = PBXBuildFile; fileRef = 7F70C29D1CBB370200695795 /* LaunchScreen.storyboard */; };
		7F70C2AA1CBB370300695795 /* Plain_NotesTests.swift in Sources */ = {isa = PBXBuildFile; fileRef = 7F70C2A91CBB370300695795 /* Plain_NotesTests.swift */; };
		7F70C2B51CBB370300695795 /* Plain_NotesUITests.swift in Sources */ = {isa = PBXBuildFile; fileRef = 7F70C2B41CBB370300695795 /* Plain_NotesUITests.swift */; };
/* End PBXBuildFile section */

/* Begin PBXContainerItemProxy section */
		7F70C2A61CBB370300695795 /* PBXContainerItemProxy */ = {
			isa = PBXContainerItemProxy;
			containerPortal = 7F70C2871CBB370200695795 /* Project object */;
			proxyType = 1;
			remoteGlobalIDString = 7F70C28E1CBB370200695795;
			remoteInfo = "Plain Notes";
		};
		7F70C2B11CBB370300695795 /* PBXContainerItemProxy */ = {
			isa = PBXContainerItemProxy;
			containerPortal = 7F70C2871CBB370200695795 /* Project object */;
			proxyType = 1;
			remoteGlobalIDString = 7F70C28E1CBB370200695795;
			remoteInfo = "Plain Notes";
		};
/* End PBXContainerItemProxy section */

/* Begin PBXFileReference section */
		7F70C28F1CBB370200695795 /* Plain Notes.app */ = {isa = PBXFileReference; explicitFileType = wrapper.application; includeInIndex = 0; path = "Plain Notes.app"; sourceTree = BUILT_PRODUCTS_DIR; };
		7F70C2921CBB370200695795 /* AppDelegate.swift */ = {isa = PBXFileReference; lastKnownFileType = sourcecode.swift; path = AppDelegate.swift; sourceTree = "<group>"; };
		7F70C2941CBB370200695795 /* MasterViewController.swift */ = {isa = PBXFileReference; lastKnownFileType = sourcecode.swift; path = MasterViewController.swift; sourceTree = "<group>"; };
		7F70C2961CBB370200695795 /* DetailViewController.swift */ = {isa = PBXFileReference; lastKnownFileType = sourcecode.swift; path = DetailViewController.swift; sourceTree = "<group>"; };
		7F70C2991CBB370200695795 /* Base */ = {isa = PBXFileReference; lastKnownFileType = file.storyboard; name = Base; path = Base.lproj/Main.storyboard; sourceTree = "<group>"; };
		7F70C29B1CBB370200695795 /* Assets.xcassets */ = {isa = PBXFileReference; lastKnownFileType = folder.assetcatalog; path = Assets.xcassets; sourceTree = "<group>"; };
		7F70C29E1CBB370200695795 /* Base */ = {isa = PBXFileReference; lastKnownFileType = file.storyboard; name = Base; path = Base.lproj/LaunchScreen.storyboard; sourceTree = "<group>"; };
		7F70C2A01CBB370200695795 /* Info.plist */ = {isa = PBXFileReference; lastKnownFileType = text.plist.xml; path = Info.plist; sourceTree = "<group>"; };
		7F70C2A51CBB370300695795 /* Plain NotesTests.xctest */ = {isa = PBXFileReference; explicitFileType = wrapper.cfbundle; includeInIndex = 0; path = "Plain NotesTests.xctest"; sourceTree = BUILT_PRODUCTS_DIR; };
		7F70C2A91CBB370300695795 /* Plain_NotesTests.swift */ = {isa = PBXFileReference; lastKnownFileType = sourcecode.swift; path = Plain_NotesTests.swift; sourceTree = "<group>"; };
		7F70C2AB1CBB370300695795 /* Info.plist */ = {isa = PBXFileReference; lastKnownFileType = text.plist.xml; path = Info.plist; sourceTree = "<group>"; };
		7F70C2B01CBB370300695795 /* Plain NotesUITests.xctest */ = {isa = PBXFileReference; explicitFileType = wrapper.cfbundle; includeInIndex = 0; path = "Plain NotesUITests.xctest"; sourceTree = BUILT_PRODUCTS_DIR; };
		7F70C2B41CBB370300695795 /* Plain_NotesUITests.swift */ = {isa = PBXFileReference; lastKnownFileType = sourcecode.swift; path = Plain_NotesUITests.swift; sourceTree = "<group>"; };
		7F70C2B61CBB370300695795 /* Info.plist */ = {isa = PBXFileReference; lastKnownFileType = text.plist.xml; path = Info.plist; sourceTree = "<group>"; };
/* End PBXFileReference section */

/* Begin PBXFrameworksBuildPhase section */
		7F70C28C1CBB370200695795 /* Frameworks */ = {
			isa = PBXFrameworksBuildPhase;
			buildActionMask = 2147483647;
			files = (
			);
			runOnlyForDeploymentPostprocessing = 0;
		};
		7F70C2A21CBB370300695795 /* Frameworks */ = {
			isa = PBXFrameworksBuildPhase;
			buildActionMask = 2147483647;
			files = (
			);
			runOnlyForDeploymentPostprocessing = 0;
		};
		7F70C2AD1CBB370300695795 /* Frameworks */ = {
			isa = PBXFrameworksBuildPhase;
			buildActionMask = 2147483647;
			files = (
			);
			runOnlyForDeploymentPostprocessing = 0;
		};
/* End PBXFrameworksBuildPhase section */

/* Begin PBXGroup section */
		7F70C2861CBB370200695795 = {
			isa = PBXGroup;
			children = (
				7F70C2911CBB370200695795 /* Plain Notes */,
				7F70C2A81CBB370300695795 /* Plain NotesTests */,
				7F70C2B31CBB370300695795 /* Plain NotesUITests */,
				7F70C2901CBB370200695795 /* Products */,
			);
			sourceTree = "<group>";
		};
		7F70C2901CBB370200695795 /* Products */ = {
			isa = PBXGroup;
			children = (
				7F70C28F1CBB370200695795 /* Plain Notes.app */,
				7F70C2A51CBB370300695795 /* Plain NotesTests.xctest */,
				7F70C2B01CBB370300695795 /* Plain NotesUITests.xctest */,
			);
			name = Products;
			sourceTree = "<group>";
		};
		7F70C2911CBB370200695795 /* Plain Notes */ = {
			isa = PBXGroup;
			children = (
				7F70C2921CBB370200695795 /* AppDelegate.swift */,
				7F70C2941CBB370200695795 /* MasterViewController.swift */,
				7F70C2961CBB370200695795 /* DetailViewController.swift */,
				7F70C2981CBB370200695795 /* Main.storyboard */,
				7F70C29B1CBB370200695795 /* Assets.xcassets */,
				7F70C29D1CBB370200695795 /* LaunchScreen.storyboard */,
				7F70C2A01CBB370200695795 /* Info.plist */,
			);
			path = "Plain Notes";
			sourceTree = "<group>";
		};
		7F70C2A81CBB370300695795 /* Plain NotesTests */ = {
			isa = PBXGroup;
			children = (
				7F70C2A91CBB370300695795 /* Plain_NotesTests.swift */,
				7F70C2AB1CBB370300695795 /* Info.plist */,
			);
			path = "Plain NotesTests";
			sourceTree = "<group>";
		};
		7F70C2B31CBB370300695795 /* Plain NotesUITests */ = {
			isa = PBXGroup;
			children = (
				7F70C2B41CBB370300695795 /* Plain_NotesUITests.swift */,
				7F70C2B61CBB370300695795 /* Info.plist */,
			);
			path = "Plain NotesUITests";
			sourceTree = "<group>";
		};
/* End PBXGroup section */

/* Begin PBXNativeTarget section */
		7F70C28E1CBB370200695795 /* Plain Notes */ = {
			isa = PBXNativeTarget;
			buildConfigurationList = 7F70C2B91CBB370300695795 /* Build configuration list for PBXNativeTarget "Plain Notes" */;
			buildPhases = (
				7F70C28B1CBB370200695795 /* Sources */,
				7F70C28C1CBB370200695795 /* Frameworks */,
				7F70C28D1CBB370200695795 /* Resources */,
			);
			buildRules = (
			);
			dependencies = (
			);
			name = "Plain Notes";
			productName = "Plain Notes";
			productReference = 7F70C28F1CBB370200695795 /* Plain Notes.app */;
			productType = "com.apple.product-type.application";
		};
		7F70C2A41CBB370300695795 /* Plain NotesTests */ = {
			isa = PBXNativeTarget;
			buildConfigurationList = 7F70C2BC1CBB370300695795 /* Build configuration list for PBXNativeTarget "Plain NotesTests" */;
			buildPhases = (
				7F70C2A11CBB370300695795 /* Sources */,
				7F70C2A21CBB370300695795 /* Frameworks */,
				7F70C2A31CBB370300695795 /* Resources */,
			);
			buildRules = (
			);
			dependencies = (
				7F70C2A71CBB370300695795 /* PBXTargetDependency */,
			);
			name = "Plain NotesTests";
			productName = "Plain NotesTests";
			productReference = 7F70C2A51CBB370300695795 /* Plain NotesTests.xctest */;
			productType = "com.apple.product-type.bundle.unit-test";
		};
		7F70C2AF1CBB370300695795 /* Plain NotesUITests */ = {
			isa = PBXNativeTarget;
			buildConfigurationList = 7F70C2BF1CBB370300695795 /* Build configuration list for PBXNativeTarget "Plain NotesUITests" */;
			buildPhases = (
				7F70C2AC1CBB370300695795 /* Sources */,
				7F70C2AD1CBB370300695795 /* Frameworks */,
				7F70C2AE1CBB370300695795 /* Resources */,
			);
			buildRules = (
			);
			dependencies = (
				7F70C2B21CBB370300695795 /* PBXTargetDependency */,
			);
			name = "Plain NotesUITests";
			productName = "Plain NotesUITests";
			productReference = 7F70C2B01CBB370300695795 /* Plain NotesUITests.xctest */;
			productType = "com.apple.product-type.bundle.ui-testing";
		};
/* End PBXNativeTarget section */

/* Begin PBXProject section */
		7F70C2871CBB370200695795 /* Project object */ = {
			isa = PBXProject;
			attributes = {
				LastSwiftUpdateCheck = 0720;
				LastUpgradeCheck = 0720;
				ORGANIZATIONNAME = fakecardinal;
				TargetAttributes = {
					7F70C28E1CBB370200695795 = {
						CreatedOnToolsVersion = 7.2.1;
					};
					7F70C2A41CBB370300695795 = {
						CreatedOnToolsVersion = 7.2.1;
						TestTargetID = 7F70C28E1CBB370200695795;
					};
					7F70C2AF1CBB370300695795 = {
						CreatedOnToolsVersion = 7.2.1;
						TestTargetID = 7F70C28E1CBB370200695795;
					};
				};
			};
			buildConfigurationList = 7F70C28A1CBB370200695795 /* Build configuration list for PBXProject "Plain Notes" */;
			compatibilityVersion = "Xcode 3.2";
			developmentRegion = English;
			hasScannedForEncodings = 0;
			knownRegions = (
				en,
				Base,
			);
			mainGroup = 7F70C2861CBB370200695795;
			productRefGroup = 7F70C2901CBB370200695795 /* Products */;
			projectDirPath = "";
			projectRoot = "";
			targets = (
				7F70C28E1CBB370200695795 /* Plain Notes */,
				7F70C2A41CBB370300695795 /* Plain NotesTests */,
				7F70C2AF1CBB370300695795 /* Plain NotesUITests */,
			);
		};
/* End PBXProject section */

/* Begin PBXResourcesBuildPhase section */
		7F70C28D1CBB370200695795 /* Resources */ = {
			isa = PBXResourcesBuildPhase;
			buildActionMask = 2147483647;
			files = (
				7F70C29F1CBB370200695795 /* LaunchScreen.storyboard in Resources */,
				7F70C29C1CBB370200695795 /* Assets.xcassets in Resources */,
				7F70C29A1CBB370200695795 /* Main.storyboard in Resources */,
			);
			runOnlyForDeploymentPostprocessing = 0;
		};
		7F70C2A31CBB370300695795 /* Resources */ = {
			isa = PBXResourcesBuildPhase;
			buildActionMask = 2147483647;
			files = (
			);
			runOnlyForDeploymentPostprocessing = 0;
		};
		7F70C2AE1CBB370300695795 /* Resources */ = {
			isa = PBXResourcesBuildPhase;
			buildActionMask = 2147483647;
			files = (
			);
			runOnlyForDeploymentPostprocessing = 0;
		};
/* End PBXResourcesBuildPhase section */

/* Begin PBXSourcesBuildPhase section */
		7F70C28B1CBB370200695795 /* Sources */ = {
			isa = PBXSourcesBuildPhase;
			buildActionMask = 2147483647;
			files = (
				7F70C2971CBB370200695795 /* DetailViewController.swift in Sources */,
				7F70C2951CBB370200695795 /* MasterViewController.swift in Sources */,
				7F70C2931CBB370200695795 /* AppDelegate.swift in Sources */,
			);
			runOnlyForDeploymentPostprocessing = 0;
		};
		7F70C2A11CBB370300695795 /* Sources */ = {
			isa = PBXSourcesBuildPhase;
			buildActionMask = 2147483647;
			files = (
				7F70C2AA1CBB370300695795 /* Plain_NotesTests.swift in Sources */,
			);
			runOnlyForDeploymentPostprocessing = 0;
		};
		7F70C2AC1CBB370300695795 /* Sources */ = {
			isa = PBXSourcesBuildPhase;
			buildActionMask = 2147483647;
			files = (
				7F70C2B51CBB370300695795 /* Plain_NotesUITests.swift in Sources */,
			);
			runOnlyForDeploymentPostprocessing = 0;
		};
/* End PBXSourcesBuildPhase section */

/* Begin PBXTargetDependency section */
		7F70C2A71CBB370300695795 /* PBXTargetDependency */ = {
			isa = PBXTargetDependency;
			target = 7F70C28E1CBB370200695795 /* Plain Notes */;
			targetProxy = 7F70C2A61CBB370300695795 /* PBXContainerItemProxy */;
		};
		7F70C2B21CBB370300695795 /* PBXTargetDependency */ = {
			isa = PBXTargetDependency;
			target = 7F70C28E1CBB370200695795 /* Plain Notes */;
			targetProxy = 7F70C2B11CBB370300695795 /* PBXContainerItemProxy */;
		};
/* End PBXTargetDependency section */

/* Begin PBXVariantGroup section */
		7F70C2981CBB370200695795 /* Main.storyboard */ = {
			isa = PBXVariantGroup;
			children = (
				7F70C2991CBB370200695795 /* Base */,
			);
			name = Main.storyboard;
			sourceTree = "<group>";
		};
		7F70C29D1CBB370200695795 /* LaunchScreen.storyboard */ = {
			isa = PBXVariantGroup;
			children = (
				7F70C29E1CBB370200695795 /* Base */,
			);
			name = LaunchScreen.storyboard;
			sourceTree = "<group>";
		};
/* End PBXVariantGroup section */

/* Begin XCBuildConfiguration section */
		7F70C2B71CBB370300695795 /* Debug */ = {
			isa = XCBuildConfiguration;
			buildSettings = {
				ALWAYS_SEARCH_USER_PATHS = NO;
				CLANG_CXX_LANGUAGE_STANDARD = "gnu++0x";
				CLANG_CXX_LIBRARY = "libc++";
				CLANG_ENABLE_MODULES = YES;
				CLANG_ENABLE_OBJC_ARC = YES;
				CLANG_WARN_BOOL_CONVERSION = YES;
				CLANG_WARN_CONSTANT_CONVERSION = YES;
				CLANG_WARN_DIRECT_OBJC_ISA_USAGE = YES_ERROR;
				CLANG_WARN_EMPTY_BODY = YES;
				CLANG_WARN_ENUM_CONVERSION = YES;
				CLANG_WARN_INT_CONVERSION = YES;
				CLANG_WARN_OBJC_ROOT_CLASS = YES_ERROR;
				CLANG_WARN_UNREACHABLE_CODE = YES;
				CLANG_WARN__DUPLICATE_METHOD_MATCH = YES;
				"CODE_SIGN_IDENTITY[sdk=iphoneos*]" = "iPhone Developer";
				COPY_PHASE_STRIP = NO;
				DEBUG_INFORMATION_FORMAT = dwarf;
				ENABLE_STRICT_OBJC_MSGSEND = YES;
				ENABLE_TESTABILITY = YES;
				GCC_C_LANGUAGE_STANDARD = gnu99;
				GCC_DYNAMIC_NO_PIC = NO;
				GCC_NO_COMMON_BLOCKS = YES;
				GCC_OPTIMIZATION_LEVEL = 0;
				GCC_PREPROCESSOR_DEFINITIONS = (
					"DEBUG=1",
					"$(inherited)",
				);
				GCC_WARN_64_TO_32_BIT_CONVERSION = YES;
				GCC_WARN_ABOUT_RETURN_TYPE = YES_ERROR;
				GCC_WARN_UNDECLARED_SELECTOR = YES;
				GCC_WARN_UNINITIALIZED_AUTOS = YES_AGGRESSIVE;
				GCC_WARN_UNUSED_FUNCTION = YES;
				GCC_WARN_UNUSED_VARIABLE = YES;
				IPHONEOS_DEPLOYMENT_TARGET = 9.2;
				MTL_ENABLE_DEBUG_INFO = YES;
				ONLY_ACTIVE_ARCH = YES;
				SDKROOT = iphoneos;
				SWIFT_OPTIMIZATION_LEVEL = "-Onone";
				TARGETED_DEVICE_FAMILY = "1,2";
			};
			name = Debug;
		};
		7F70C2B81CBB370300695795 /* Release */ = {
			isa = XCBuildConfiguration;
			buildSettings = {
				ALWAYS_SEARCH_USER_PATHS = NO;
				CLANG_CXX_LANGUAGE_STANDARD = "gnu++0x";
				CLANG_CXX_LIBRARY = "libc++";
				CLANG_ENABLE_MODULES = YES;
				CLANG_ENABLE_OBJC_ARC = YES;
				CLANG_WARN_BOOL_CONVERSION = YES;
				CLANG_WARN_CONSTANT_CONVERSION = YES;
				CLANG_WARN_DIRECT_OBJC_ISA_USAGE = YES_ERROR;
				CLANG_WARN_EMPTY_BODY = YES;
				CLANG_WARN_ENUM_CONVERSION = YES;
				CLANG_WARN_INT_CONVERSION = YES;
				CLANG_WARN_OBJC_ROOT_CLASS = YES_ERROR;
				CLANG_WARN_UNREACHABLE_CODE = YES;
				CLANG_WARN__DUPLICATE_METHOD_MATCH = YES;
				"CODE_SIGN_IDENTITY[sdk=iphoneos*]" = "iPhone Developer";
				COPY_PHASE_STRIP = NO;
				DEBUG_INFORMATION_FORMAT = "dwarf-with-dsym";
				ENABLE_NS_ASSERTIONS = NO;
				ENABLE_STRICT_OBJC_MSGSEND = YES;
				GCC_C_LANGUAGE_STANDARD = gnu99;
				GCC_NO_COMMON_BLOCKS = YES;
				GCC_WARN_64_TO_32_BIT_CONVERSION = YES;
				GCC_WARN_ABOUT_RETURN_TYPE = YES_ERROR;
				GCC_WARN_UNDECLARED_SELECTOR = YES;
				GCC_WARN_UNINITIALIZED_AUTOS = YES_AGGRESSIVE;
				GCC_WARN_UNUSED_FUNCTION = YES;
				GCC_WARN_UNUSED_VARIABLE = YES;
				IPHONEOS_DEPLOYMENT_TARGET = 9.2;
				MTL_ENABLE_DEBUG_INFO = NO;
				SDKROOT = iphoneos;
				TARGETED_DEVICE_FAMILY = "1,2";
				VALIDATE_PRODUCT = YES;
			};
			name = Release;
		};
		7F70C2BA1CBB370300695795 /* Debug */ = {
			isa = XCBuildConfiguration;
			buildSettings = {
				ASSETCATALOG_COMPILER_APPICON_NAME = AppIcon;
				INFOPLIST_FILE = "Plain Notes/Info.plist";
				LD_RUNPATH_SEARCH_PATHS = "$(inherited) @executable_path/Frameworks";
				PRODUCT_BUNDLE_IDENTIFIER = "hummingtech.Plain-Notes";
				PRODUCT_NAME = "$(TARGET_NAME)";
			};
			name = Debug;
		};
		7F70C2BB1CBB370300695795 /* Release */ = {
			isa = XCBuildConfiguration;
			buildSettings = {
				ASSETCATALOG_COMPILER_APPICON_NAME = AppIcon;
				INFOPLIST_FILE = "Plain Notes/Info.plist";
				LD_RUNPATH_SEARCH_PATHS = "$(inherited) @executable_path/Frameworks";
				PRODUCT_BUNDLE_IDENTIFIER = "hummingtech.Plain-Notes";
				PRODUCT_NAME = "$(TARGET_NAME)";
			};
			name = Release;
		};
		7F70C2BD1CBB370300695795 /* Debug */ = {
			isa = XCBuildConfiguration;
			buildSettings = {
				BUNDLE_LOADER = "$(TEST_HOST)";
				INFOPLIST_FILE = "Plain NotesTests/Info.plist";
				LD_RUNPATH_SEARCH_PATHS = "$(inherited) @executable_path/Frameworks @loader_path/Frameworks";
				PRODUCT_BUNDLE_IDENTIFIER = "hummingtech.Plain-NotesTests";
				PRODUCT_NAME = "$(TARGET_NAME)";
				TEST_HOST = "$(BUILT_PRODUCTS_DIR)/Plain Notes.app/Plain Notes";
			};
			name = Debug;
		};
		7F70C2BE1CBB370300695795 /* Release */ = {
			isa = XCBuildConfiguration;
			buildSettings = {
				BUNDLE_LOADER = "$(TEST_HOST)";
				INFOPLIST_FILE = "Plain NotesTests/Info.plist";
				LD_RUNPATH_SEARCH_PATHS = "$(inherited) @executable_path/Frameworks @loader_path/Frameworks";
				PRODUCT_BUNDLE_IDENTIFIER = "hummingtech.Plain-NotesTests";
				PRODUCT_NAME = "$(TARGET_NAME)";
				TEST_HOST = "$(BUILT_PRODUCTS_DIR)/Plain Notes.app/Plain Notes";
			};
			name = Release;
		};
		7F70C2C01CBB370300695795 /* Debug */ = {
			isa = XCBuildConfiguration;
			buildSettings = {
				INFOPLIST_FILE = "Plain NotesUITests/Info.plist";
				LD_RUNPATH_SEARCH_PATHS = "$(inherited) @executable_path/Frameworks @loader_path/Frameworks";
				PRODUCT_BUNDLE_IDENTIFIER = "hummingtech.Plain-NotesUITests";
				PRODUCT_NAME = "$(TARGET_NAME)";
				TEST_TARGET_NAME = "Plain Notes";
				USES_XCTRUNNER = YES;
			};
			name = Debug;
		};
		7F70C2C11CBB370300695795 /* Release */ = {
			isa = XCBuildConfiguration;
			buildSettings = {
				INFOPLIST_FILE = "Plain NotesUITests/Info.plist";
				LD_RUNPATH_SEARCH_PATHS = "$(inherited) @executable_path/Frameworks @loader_path/Frameworks";
				PRODUCT_BUNDLE_IDENTIFIER = "hummingtech.Plain-NotesUITests";
				PRODUCT_NAME = "$(TARGET_NAME)";
				TEST_TARGET_NAME = "Plain Notes";
				USES_XCTRUNNER = YES;
			};
			name = Release;
		};
/* End XCBuildConfiguration section */

/* Begin XCConfigurationList section */
		7F70C28A1CBB370200695795 /* Build configuration list for PBXProject "Plain Notes" */ = {
			isa = XCConfigurationList;
			buildConfigurations = (
				7F70C2B71CBB370300695795 /* Debug */,
				7F70C2B81CBB370300695795 /* Release */,
			);
			defaultConfigurationIsVisible = 0;
			defaultConfigurationName = Release;
		};
		7F70C2B91CBB370300695795 /* Build configuration list for PBXNativeTarget "Plain Notes" */ = {
			isa = XCConfigurationList;
			buildConfigurations = (
				7F70C2BA1CBB370300695795 /* Debug */,
				7F70C2BB1CBB370300695795 /* Release */,
			);
			defaultConfigurationIsVisible = 0;
		};
		7F70C2BC1CBB370300695795 /* Build configuration list for PBXNativeTarget "Plain NotesTests" */ = {
			isa = XCConfigurationList;
			buildConfigurations = (
				7F70C2BD1CBB370300695795 /* Debug */,
				7F70C2BE1CBB370300695795 /* Release */,
			);
			defaultConfigurationIsVisible = 0;
		};
		7F70C2BF1CBB370300695795 /* Build configuration list for PBXNativeTarget "Plain NotesUITests" */ = {
			isa = XCConfigurationList;
			buildConfigurations = (
				7F70C2C01CBB370300695795 /* Debug */,
				7F70C2C11CBB370300695795 /* Release */,
			);
			defaultConfigurationIsVisible = 0;
		};
/* End XCConfigurationList section */
	};
	rootObject = 7F70C2871CBB370200695795 /* Project object */;
}
